
Microsoft Visual Studio Solution File, Format Version 12.00
# Visual Studio Version 16
VisualStudioVersion = 16.0.30804.86
MinimumVisualStudioVersion = 10.0.40219.1
Project("{8BC9CEB8-8B4A-11D0-8D11-00A0C91BC942}") = "SimpleCube", "SimpleCube\SimpleCube.vcxproj", "{20B535A2-8559-4A60-B543-481EA8097F97}"
EndProject
Project("{8BC9CEB8-8B4A-11D0-8D11-00A0C91BC942}") = "Gwathra", "Gwathra\Gwathra.vcxproj", "{FD9D415F-DFAF-40F9-91C8-FB886303AC0E}"
EndProject
Project("{8BC9CEB8-8B4A-11D0-8D11-00A0C91BC942}") = "GwaMath", "GwaMath\GwaMath.vcxproj", "{B0F1C06D-C8A1-49B5-8CD8-EBE584B3A4D5}"
EndProject
Global
	GlobalSection(SolutionConfigurationPlatforms) = preSolution
		Debug|x64 = Debug|x64
		Release|x64 = Release|x64
	EndGlobalSection
	GlobalSection(ProjectConfigurationPlatforms) = postSolution
		{FD9D415F-DFAF-40F9-91C8-FB886303AC0E}.Debug|x64.ActiveCfg = Debug|x64
		{FD9D415F-DFAF-40F9-91C8-FB886303AC0E}.Debug|x64.Build.0 = Debug|x64
		{FD9D415F-DFAF-40F9-91C8-FB886303AC0E}.Release|x64.ActiveCfg = Release|x64
		{FD9D415F-DFAF-40F9-91C8-FB886303AC0E}.Release|x64.Build.0 = Release|x64
		{20B535A2-8559-4A60-B543-481EA8097F97}.Debug|x64.ActiveCfg = Debug|x64
		{20B535A2-8559-4A60-B543-481EA8097F97}.Debug|x64.Build.0 = Debug|x64
		{20B535A2-8559-4A60-B543-481EA8097F97}.Release|x64.ActiveCfg = Release|x64
		{20B535A2-8559-4A60-B543-481EA8097F97}.Release|x64.Build.0 = Release|x64
		{B0F1C06D-C8A1-49B5-8CD8-EBE584B3A4D5}.Debug|x64.ActiveCfg = Debug|x64
		{B0F1C06D-C8A1-49B5-8CD8-EBE584B3A4D5}.Debug|x64.Build.0 = Debug|x64
		{B0F1C06D-C8A1-49B5-8CD8-EBE584B3A4D5}.Release|x64.ActiveCfg = Release|x64
		{B0F1C06D-C8A1-49B5-8CD8-EBE584B3A4D5}.Release|x64.Build.0 = Release|x64
	EndGlobalSection
	GlobalSection(SolutionProperties) = preSolution
		HideSolutionNode = FALSE
	EndGlobalSection
	GlobalSection(ExtensibilityGlobals) = postSolution
		SolutionGuid = {34FE9E86-9329-4C1B-8889-73B234661E3F}
	EndGlobalSection
EndGlobal
